
Microsoft Visual Studio Solution File, Format Version 12.00
# Visual Studio Version 17
VisualStudioVersion = 17.8.34511.84
MinimumVisualStudioVersion = 10.0.40219.1
Project("{FAE04EC0-301F-11D3-BF4B-00C04F79EFBC}") = "AuthenticationApi.Infrastructure", "AuthenticationApi.infra\AuthenticationApi.Infrastructure.csproj", "{69630523-95E7-4235-A82D-A9B6C1A5947B}"
EndProject
Project("{FAE04EC0-301F-11D3-BF4B-00C04F79EFBC}") = "AuthenticationApi.Domain", "AuthenticationApi.Domain\AuthenticationApi.Domain.csproj", "{A45DC1E7-67DA-447F-B8AB-F89CC9005A3A}"
EndProject
Project("{FAE04EC0-301F-11D3-BF4B-00C04F79EFBC}") = "AuthenticationApi.Application", "AuthenticationApi.Application\AuthenticationApi.Application.csproj", "{0D3BB324-B894-4F1C-88E3-36728EF10119}"
EndProject
Project("{FAE04EC0-301F-11D3-BF4B-00C04F79EFBC}") = "AuthenticationApi.Presentation", "AuthenticationApi.Presentation\AuthenticationApi.Presentation.csproj", "{F3DA6DBA-8EB0-4A07-98EC-18F60E7D56BF}"
EndProject
Project("{9A19103F-16F7-4668-BE54-9A1E7A4F7556}") = "SharedLibrary", "..\Template.SharedLibrarySolution\SharedLibrary\SharedLibrary.csproj", "{B666BE72-4755-4D31-BE3D-417CCD286954}"
EndProject
Global
	GlobalSection(SolutionConfigurationPlatforms) = preSolution
		Debug|Any CPU = Debug|Any CPU
		Release|Any CPU = Release|Any CPU
	EndGlobalSection
	GlobalSection(ProjectConfigurationPlatforms) = postSolution
		{69630523-95E7-4235-A82D-A9B6C1A5947B}.Debug|Any CPU.ActiveCfg = Debug|Any CPU
		{69630523-95E7-4235-A82D-A9B6C1A5947B}.Debug|Any CPU.Build.0 = Debug|Any CPU
		{69630523-95E7-4235-A82D-A9B6C1A5947B}.Release|Any CPU.ActiveCfg = Release|Any CPU
		{69630523-95E7-4235-A82D-A9B6C1A5947B}.Release|Any CPU.Build.0 = Release|Any CPU
		{A45DC1E7-67DA-447F-B8AB-F89CC9005A3A}.Debug|Any CPU.ActiveCfg = Debug|Any CPU
		{A45DC1E7-67DA-447F-B8AB-F89CC9005A3A}.Debug|Any CPU.Build.0 = Debug|Any CPU
		{A45DC1E7-67DA-447F-B8AB-F89CC9005A3A}.Release|Any CPU.ActiveCfg = Release|Any CPU
		{A45DC1E7-67DA-447F-B8AB-F89CC9005A3A}.Release|Any CPU.Build.0 = Release|Any CPU
		{0D3BB324-B894-4F1C-88E3-36728EF10119}.Debug|Any CPU.ActiveCfg = Debug|Any CPU
		{0D3BB324-B894-4F1C-88E3-36728EF10119}.Debug|Any CPU.Build.0 = Debug|Any CPU
		{0D3BB324-B894-4F1C-88E3-36728EF10119}.Release|Any CPU.ActiveCfg = Release|Any CPU
		{0D3BB324-B894-4F1C-88E3-36728EF10119}.Release|Any CPU.Build.0 = Release|Any CPU
		{F3DA6DBA-8EB0-4A07-98EC-18F60E7D56BF}.Debug|Any CPU.ActiveCfg = Debug|Any CPU
		{F3DA6DBA-8EB0-4A07-98EC-18F60E7D56BF}.Debug|Any CPU.Build.0 = Debug|Any CPU
		{F3DA6DBA-8EB0-4A07-98EC-18F60E7D56BF}.Release|Any CPU.ActiveCfg = Release|Any CPU
		{F3DA6DBA-8EB0-4A07-98EC-18F60E7D56BF}.Release|Any CPU.Build.0 = Release|Any CPU
		{B666BE72-4755-4D31-BE3D-417CCD286954}.Debug|Any CPU.ActiveCfg = Debug|Any CPU
		{B666BE72-4755-4D31-BE3D-417CCD286954}.Debug|Any CPU.Build.0 = Debug|Any CPU
		{B666BE72-4755-4D31-BE3D-417CCD286954}.Release|Any CPU.ActiveCfg = Release|Any CPU
		{B666BE72-4755-4D31-BE3D-417CCD286954}.Release|Any CPU.Build.0 = Release|Any CPU
	EndGlobalSection
	GlobalSection(SolutionProperties) = preSolution
		HideSolutionNode = FALSE
	EndGlobalSection
	GlobalSection(ExtensibilityGlobals) = postSolution
		SolutionGuid = {230D63A6-D7D4-4BF4-B1CE-168022046817}
	EndGlobalSection
EndGlobal
